
Microsoft Visual Studio Solution File, Format Version 12.00
# Visual Studio 14
VisualStudioVersion = 14.0.25123.0
MinimumVisualStudioVersion = 10.0.40219.1
Project("{FAE04EC0-301F-11D3-BF4B-00C04F79EFBC}") = "Syndicate.Breakthrough.ConsoleApp", "Syndicate.Breakthrough.ConsoleApp\Syndicate.Breakthrough.ConsoleApp.csproj", "{9B393E95-3CCF-4FCE-ADBA-A99D682F80CF}"
EndProject
Project("{FAE04EC0-301F-11D3-BF4B-00C04F79EFBC}") = "Syndicate.Breakthrough.Domain", "Syndicate.Breakthrough.Domain\Syndicate.Breakthrough.Domain.csproj", "{1C964250-AC0C-48F9-8DF0-1D88CCCF374A}"
EndProject
Project("{FAE04EC0-301F-11D3-BF4B-00C04F79EFBC}") = "Syndicate.Breakthrough.Domain.Tests", "Syndicate.Breakthrough.Domain.Tests\Syndicate.Breakthrough.Domain.Tests.csproj", "{7AF23C5D-8B28-4FA0-8844-BBBC08925B0B}"
EndProject
Global
	GlobalSection(SolutionConfigurationPlatforms) = preSolution
		Debug|Any CPU = Debug|Any CPU
		Release|Any CPU = Release|Any CPU
	EndGlobalSection
	GlobalSection(ProjectConfigurationPlatforms) = postSolution
		{9B393E95-3CCF-4FCE-ADBA-A99D682F80CF}.Debug|Any CPU.ActiveCfg = Debug|Any CPU
		{9B393E95-3CCF-4FCE-ADBA-A99D682F80CF}.Debug|Any CPU.Build.0 = Debug|Any CPU
		{9B393E95-3CCF-4FCE-ADBA-A99D682F80CF}.Release|Any CPU.ActiveCfg = Release|Any CPU
		{9B393E95-3CCF-4FCE-ADBA-A99D682F80CF}.Release|Any CPU.Build.0 = Release|Any CPU
		{1C964250-AC0C-48F9-8DF0-1D88CCCF374A}.Debug|Any CPU.ActiveCfg = Debug|Any CPU
		{1C964250-AC0C-48F9-8DF0-1D88CCCF374A}.Debug|Any CPU.Build.0 = Debug|Any CPU
		{1C964250-AC0C-48F9-8DF0-1D88CCCF374A}.Release|Any CPU.ActiveCfg = Release|Any CPU
		{1C964250-AC0C-48F9-8DF0-1D88CCCF374A}.Release|Any CPU.Build.0 = Release|Any CPU
		{7AF23C5D-8B28-4FA0-8844-BBBC08925B0B}.Debug|Any CPU.ActiveCfg = Debug|Any CPU
		{7AF23C5D-8B28-4FA0-8844-BBBC08925B0B}.Debug|Any CPU.Build.0 = Debug|Any CPU
		{7AF23C5D-8B28-4FA0-8844-BBBC08925B0B}.Release|Any CPU.ActiveCfg = Release|Any CPU
		{7AF23C5D-8B28-4FA0-8844-BBBC08925B0B}.Release|Any CPU.Build.0 = Release|Any CPU
	EndGlobalSection
	GlobalSection(SolutionProperties) = preSolution
		HideSolutionNode = FALSE
	EndGlobalSection
EndGlobal
